Microsoft Visual Studio Solution File, Format Version 12.00
# Visual Studio Version 17
VisualStudioVersion = 17.8.34330.191
MinimumVisualStudioVersion = 10.0.40219.1
Project("{FAE04EC0-301F-11D3-BF4B-00C04F79EFBC}") = "MediaGallery.Web", "MediaGallery.Web/MediaGallery.Web.csproj", "{0B671A97-375B-4105-9BAE-50384E60D30F}"
EndProject
Project("{FAE04EC0-301F-11D3-BF4B-00C04F79EFBC}") = "MediaGallery.Tests", "MediaGallery.Tests/MediaGallery.Tests.csproj", "{4E4FED8F-EB7D-41DF-AD0C-516E58162A81}"
EndProject
Global
    GlobalSection(SolutionConfigurationPlatforms) = preSolution
        Debug|Any CPU = Debug|Any CPU
        Release|Any CPU = Release|Any CPU
    EndGlobalSection
    GlobalSection(ProjectConfigurationPlatforms) = postSolution
        {0B671A97-375B-4105-9BAE-50384E60D30F}.Debug|Any CPU.ActiveCfg = Debug|Any CPU
        {0B671A97-375B-4105-9BAE-50384E60D30F}.Debug|Any CPU.Build.0 = Debug|Any CPU
        {0B671A97-375B-4105-9BAE-50384E60D30F}.Release|Any CPU.ActiveCfg = Release|Any CPU
        {0B671A97-375B-4105-9BAE-50384E60D30F}.Release|Any CPU.Build.0 = Release|Any CPU
        {4E4FED8F-EB7D-41DF-AD0C-516E58162A81}.Debug|Any CPU.ActiveCfg = Debug|Any CPU
        {4E4FED8F-EB7D-41DF-AD0C-516E58162A81}.Debug|Any CPU.Build.0 = Debug|Any CPU
        {4E4FED8F-EB7D-41DF-AD0C-516E58162A81}.Release|Any CPU.ActiveCfg = Release|Any CPU
        {4E4FED8F-EB7D-41DF-AD0C-516E58162A81}.Release|Any CPU.Build.0 = Release|Any CPU
    EndGlobalSection
    GlobalSection(SolutionProperties) = preSolution
        HideSolutionNode = FALSE
    EndGlobalSection
EndGlobal
